
Microsoft Visual Studio Solution File, Format Version 12.00
# Visual Studio Version 16
VisualStudioVersion = 16.0.31624.102
MinimumVisualStudioVersion = 10.0.40219.1
Project("{FAE04EC0-301F-11D3-BF4B-00C04F79EFBC}") = "homeworkmeth", "lesson2310\homeworkmeth.csproj", "{1C22AA23-CE12-4312-B574-1ABDBDC9353E}"
EndProject
Project("{FAE04EC0-301F-11D3-BF4B-00C04F79EFBC}") = "homework", "homework\homework.csproj", "{BBB9B8EE-86E8-42BE-8FAE-2DC6C92B8E2A}"
EndProject
Project("{FAE04EC0-301F-11D3-BF4B-00C04F79EFBC}") = "leson2310", "leson2310\leson2310.csproj", "{C7164013-1E75-4A90-A937-45B5CFC05907}"
EndProject
Global
	GlobalSection(SolutionConfigurationPlatforms) = preSolution
		Debug|Any CPU = Debug|Any CPU
		Release|Any CPU = Release|Any CPU
	EndGlobalSection
	GlobalSection(ProjectConfigurationPlatforms) = postSolution
		{1C22AA23-CE12-4312-B574-1ABDBDC9353E}.Debug|Any CPU.ActiveCfg = Debug|Any CPU
		{1C22AA23-CE12-4312-B574-1ABDBDC9353E}.Debug|Any CPU.Build.0 = Debug|Any CPU
		{1C22AA23-CE12-4312-B574-1ABDBDC9353E}.Release|Any CPU.ActiveCfg = Release|Any CPU
		{1C22AA23-CE12-4312-B574-1ABDBDC9353E}.Release|Any CPU.Build.0 = Release|Any CPU
		{BBB9B8EE-86E8-42BE-8FAE-2DC6C92B8E2A}.Debug|Any CPU.ActiveCfg = Debug|Any CPU
		{BBB9B8EE-86E8-42BE-8FAE-2DC6C92B8E2A}.Debug|Any CPU.Build.0 = Debug|Any CPU
		{BBB9B8EE-86E8-42BE-8FAE-2DC6C92B8E2A}.Release|Any CPU.ActiveCfg = Release|Any CPU
		{BBB9B8EE-86E8-42BE-8FAE-2DC6C92B8E2A}.Release|Any CPU.Build.0 = Release|Any CPU
		{C7164013-1E75-4A90-A937-45B5CFC05907}.Debug|Any CPU.ActiveCfg = Debug|Any CPU
		{C7164013-1E75-4A90-A937-45B5CFC05907}.Debug|Any CPU.Build.0 = Debug|Any CPU
		{C7164013-1E75-4A90-A937-45B5CFC05907}.Release|Any CPU.ActiveCfg = Release|Any CPU
		{C7164013-1E75-4A90-A937-45B5CFC05907}.Release|Any CPU.Build.0 = Release|Any CPU
	EndGlobalSection
	GlobalSection(SolutionProperties) = preSolution
		HideSolutionNode = FALSE
	EndGlobalSection
	GlobalSection(ExtensibilityGlobals) = postSolution
		SolutionGuid = {47B67D92-6A1C-4546-9777-3141EFD4A0F0}
	EndGlobalSection
EndGlobal
